
Microsoft Visual Studio Solution File, Format Version 12.00
# Visual Studio Version 17
VisualStudioVersion = 17.8.34511.84
MinimumVisualStudioVersion = 10.0.40219.1
Project("{FAE04EC0-301F-11D3-BF4B-00C04F79EFBC}") = "CryptoScanner.UI", "CryptoScanner.UI\CryptoScanner.UI.csproj", "{29A56DC6-B867-4E1F-9B41-C3CC2A9C85BB}"
EndProject
Project("{FAE04EC0-301F-11D3-BF4B-00C04F79EFBC}") = "CryptoScanner.Data", "CryptoScanner.Data\CryptoScanner.Data.csproj", "{5C52E717-543D-44CB-B3BB-E167941F7052}"
EndProject
Project("{FAE04EC0-301F-11D3-BF4B-00C04F79EFBC}") = "CryptoScanner.App", "CryptoScanner.App\CryptoScanner.App.csproj", "{3900F3E1-4D25-4001-9337-E991524D24A4}"
EndProject
Global
	GlobalSection(SolutionConfigurationPlatforms) = preSolution
		Debug|Any CPU = Debug|Any CPU
		Release|Any CPU = Release|Any CPU
	EndGlobalSection
	GlobalSection(ProjectConfigurationPlatforms) = postSolution
		{29A56DC6-B867-4E1F-9B41-C3CC2A9C85BB}.Debug|Any CPU.ActiveCfg = Debug|Any CPU
		{29A56DC6-B867-4E1F-9B41-C3CC2A9C85BB}.Debug|Any CPU.Build.0 = Debug|Any CPU
		{29A56DC6-B867-4E1F-9B41-C3CC2A9C85BB}.Release|Any CPU.ActiveCfg = Release|Any CPU
		{29A56DC6-B867-4E1F-9B41-C3CC2A9C85BB}.Release|Any CPU.Build.0 = Release|Any CPU
		{5C52E717-543D-44CB-B3BB-E167941F7052}.Debug|Any CPU.ActiveCfg = Debug|Any CPU
		{5C52E717-543D-44CB-B3BB-E167941F7052}.Debug|Any CPU.Build.0 = Debug|Any CPU
		{5C52E717-543D-44CB-B3BB-E167941F7052}.Release|Any CPU.ActiveCfg = Release|Any CPU
		{5C52E717-543D-44CB-B3BB-E167941F7052}.Release|Any CPU.Build.0 = Release|Any CPU
		{3900F3E1-4D25-4001-9337-E991524D24A4}.Debug|Any CPU.ActiveCfg = Debug|Any CPU
		{3900F3E1-4D25-4001-9337-E991524D24A4}.Debug|Any CPU.Build.0 = Debug|Any CPU
		{3900F3E1-4D25-4001-9337-E991524D24A4}.Release|Any CPU.ActiveCfg = Release|Any CPU
		{3900F3E1-4D25-4001-9337-E991524D24A4}.Release|Any CPU.Build.0 = Release|Any CPU
	EndGlobalSection
	GlobalSection(SolutionProperties) = preSolution
		HideSolutionNode = FALSE
	EndGlobalSection
	GlobalSection(ExtensibilityGlobals) = postSolution
		SolutionGuid = {8853127C-1A08-425D-A625-488803B46415}
	EndGlobalSection
EndGlobal
